
Microsoft Visual Studio Solution File, Format Version 12.00
# Visual Studio Version 17
VisualStudioVersion = 17.0.31611.283
MinimumVisualStudioVersion = 10.0.40219.1
Project("{9A19103F-16F7-4668-BE54-9A1E7A4F7556}") = "ConsoleApp1", "ConsoleApp1\ConsoleApp1.csproj", "{2426A870-A579-4FBE-9874-140B8892D12E}"
EndProject
Project("{9A19103F-16F7-4668-BE54-9A1E7A4F7556}") = "Logbook.Domain", "Logbook.Domain\Logbook.Domain.csproj", "{86567BA6-916B-4A38-A5A0-E9BC6490C5EC}"
EndProject
Project("{FAE04EC0-301F-11D3-BF4B-00C04F79EFBC}") = "Logbook.Database", "Logbook.Database\Logbook.Database.csproj", "{7C4388E0-FE8C-43CA-92B4-A2CEC4C204AF}"
EndProject
Global
	GlobalSection(SolutionConfigurationPlatforms) = preSolution
		Debug|Any CPU = Debug|Any CPU
		Release|Any CPU = Release|Any CPU
	EndGlobalSection
	GlobalSection(ProjectConfigurationPlatforms) = postSolution
		{2426A870-A579-4FBE-9874-140B8892D12E}.Debug|Any CPU.ActiveCfg = Debug|Any CPU
		{2426A870-A579-4FBE-9874-140B8892D12E}.Debug|Any CPU.Build.0 = Debug|Any CPU
		{2426A870-A579-4FBE-9874-140B8892D12E}.Release|Any CPU.ActiveCfg = Release|Any CPU
		{2426A870-A579-4FBE-9874-140B8892D12E}.Release|Any CPU.Build.0 = Release|Any CPU
		{86567BA6-916B-4A38-A5A0-E9BC6490C5EC}.Debug|Any CPU.ActiveCfg = Debug|Any CPU
		{86567BA6-916B-4A38-A5A0-E9BC6490C5EC}.Debug|Any CPU.Build.0 = Debug|Any CPU
		{86567BA6-916B-4A38-A5A0-E9BC6490C5EC}.Release|Any CPU.ActiveCfg = Release|Any CPU
		{86567BA6-916B-4A38-A5A0-E9BC6490C5EC}.Release|Any CPU.Build.0 = Release|Any CPU
		{7C4388E0-FE8C-43CA-92B4-A2CEC4C204AF}.Debug|Any CPU.ActiveCfg = Debug|Any CPU
		{7C4388E0-FE8C-43CA-92B4-A2CEC4C204AF}.Debug|Any CPU.Build.0 = Debug|Any CPU
		{7C4388E0-FE8C-43CA-92B4-A2CEC4C204AF}.Release|Any CPU.ActiveCfg = Release|Any CPU
		{7C4388E0-FE8C-43CA-92B4-A2CEC4C204AF}.Release|Any CPU.Build.0 = Release|Any CPU
	EndGlobalSection
	GlobalSection(SolutionProperties) = preSolution
		HideSolutionNode = FALSE
	EndGlobalSection
	GlobalSection(ExtensibilityGlobals) = postSolution
		SolutionGuid = {61F7FB11-1E47-470C-91E2-47F8143E1572}
	EndGlobalSection
EndGlobal
